// !$*UTF8*$!
{
	archiveVersion = 1;
	classes = {
	};
	objectVersion = 56;
	objects = {

/* Begin PBXBuildFile section */
		DF8BA87C2AF2A2F10000FB37 /* RealityKitContent in Frameworks */ = {isa = PBXBuildFile; productRef = DF8BA87B2AF2A2F10000FB37 /* RealityKitContent */; };
		DF8BA87E2AF2A2F10000FB37 /* ShowroomApp.swift in Sources */ = {isa = PBXBuildFile; fileRef = DF8BA87D2AF2A2F10000FB37 /* ShowroomApp.swift */; };
		DF8BA8822AF2A2F10000FB37 /* ImmersiveView.swift in Sources */ = {isa = PBXBuildFile; fileRef = DF8BA8812AF2A2F10000FB37 /* ImmersiveView.swift */; };
		DF8BA8842AF2A2F20000FB37 /* Assets.xcassets in Resources */ = {isa = PBXBuildFile; fileRef = DF8BA8832AF2A2F20000FB37 /* Assets.xcassets */; };
		DF8BA8872AF2A2F20000FB37 /* Preview Assets.xcassets in Resources */ = {isa = PBXBuildFile; fileRef = DF8BA8862AF2A2F20000FB37 /* Preview Assets.xcassets */; };
		DF8BA89B2AF2A4B70000FB37 /* FirebaseStorage in Frameworks */ = {isa = PBXBuildFile; productRef = DF8BA89A2AF2A4B70000FB37 /* FirebaseStorage */; };
		DF8BA89D2AF2A4C00000FB37 /* FirebaseFirestore in Frameworks */ = {isa = PBXBuildFile; productRef = DF8BA89C2AF2A4C00000FB37 /* FirebaseFirestore */; };
		DF8BA89F2AF2A4C00000FB37 /* FirebaseFirestoreSwift in Frameworks */ = {isa = PBXBuildFile; productRef = DF8BA89E2AF2A4C00000FB37 /* FirebaseFirestoreSwift */; };
		DF8BA8A12AF2A5F60000FB37 /* GoogleService-Info.plist in Resources */ = {isa = PBXBuildFile; fileRef = DF8BA8A02AF2A5F60000FB37 /* GoogleService-Info.plist */; };
		DF9F65DA2AF2B7BA008F109E /* Constants.swift in Sources */ = {isa = PBXBuildFile; fileRef = DF9F65D92AF2B7BA008F109E /* Constants.swift */; };
		DF9F65DC2AF2C279008F109E /* ModelType.swift in Sources */ = {isa = PBXBuildFile; fileRef = DF9F65DB2AF2C279008F109E /* ModelType.swift */; };
		DF9F65DF2AF2C31D008F109E /* ObjectsView.swift in Sources */ = {isa = PBXBuildFile; fileRef = DF9F65DE2AF2C31D008F109E /* ObjectsView.swift */; };
		DF9F65E12AF2C4BF008F109E /* ObjectsViewModel.swift in Sources */ = {isa = PBXBuildFile; fileRef = DF9F65E02AF2C4BF008F109E /* ObjectsViewModel.swift */; };
		DF9F65E32AF2EC6B008F109E /* LoadingState.swift in Sources */ = {isa = PBXBuildFile; fileRef = DF9F65E22AF2EC6B008F109E /* LoadingState.swift */; };
		DF9F65E62AF2F2D8008F109E /* Repository.swift in Sources */ = {isa = PBXBuildFile; fileRef = DF9F65E52AF2F2D8008F109E /* Repository.swift */; };
		DF9F65E82AF2F2EC008F109E /* ModelObjectsRepository.swift in Sources */ = {isa = PBXBuildFile; fileRef = DF9F65E72AF2F2EC008F109E /* ModelObjectsRepository.swift */; };
		DF9F65EA2AF2F71F008F109E /* CategoryView.swift in Sources */ = {isa = PBXBuildFile; fileRef = DF9F65E92AF2F71F008F109E /* CategoryView.swift */; };
		DF9F65EC2AF312B6008F109E /* ObjectListView.swift in Sources */ = {isa = PBXBuildFile; fileRef = DF9F65EB2AF312B6008F109E /* ObjectListView.swift */; };
		DF9F65EE2AF312D1008F109E /* ModelObject.swift in Sources */ = {isa = PBXBuildFile; fileRef = DF9F65ED2AF312D1008F109E /* ModelObject.swift */; };
		DF9F65F22AF32A1C008F109E /* Adapter.swift in Sources */ = {isa = PBXBuildFile; fileRef = DF9F65F12AF32A1C008F109E /* Adapter.swift */; };
		DF9F65F42AF32A6F008F109E /* FirebaseAdapter.swift in Sources */ = {isa = PBXBuildFile; fileRef = DF9F65F32AF32A6F008F109E /* FirebaseAdapter.swift */; };
/* End PBXBuildFile section */

/* Begin PBXFileReference section */
		DF8BA8762AF2A2F10000FB37 /* Showroom.app */ = {isa = PBXFileReference; explicitFileType = wrapper.application; includeInIndex = 0; path = Showroom.app; sourceTree = BUILT_PRODUCTS_DIR; };
		DF8BA87A2AF2A2F10000FB37 /* RealityKitContent */ = {isa = PBXFileReference; lastKnownFileType = wrapper; path = RealityKitContent; sourceTree = "<group>"; };
		DF8BA87D2AF2A2F10000FB37 /* ShowroomApp.swift */ = {isa = PBXFileReference; lastKnownFileType = sourcecode.swift; path = ShowroomApp.swift; sourceTree = "<group>"; };
		DF8BA8812AF2A2F10000FB37 /* ImmersiveView.swift */ = {isa = PBXFileReference; lastKnownFileType = sourcecode.swift; path = ImmersiveView.swift; sourceTree = "<group>"; };
		DF8BA8832AF2A2F20000FB37 /* Assets.xcassets */ = {isa = PBXFileReference; lastKnownFileType = folder.assetcatalog; path = Assets.xcassets; sourceTree = "<group>"; };
		DF8BA8862AF2A2F20000FB37 /* Preview Assets.xcassets */ = {isa = PBXFileReference; lastKnownFileType = folder.assetcatalog; path = "Preview Assets.xcassets"; sourceTree = "<group>"; };
		DF8BA8882AF2A2F20000FB37 /* Info.plist */ = {isa = PBXFileReference; lastKnownFileType = text.plist.xml; path = Info.plist; sourceTree = "<group>"; };
		DF8BA8A02AF2A5F60000FB37 /* GoogleService-Info.plist */ = {isa = PBXFileReference; fileEncoding = 4; lastKnownFileType = text.plist.xml; path = "GoogleService-Info.plist"; sourceTree = "<group>"; };
		DF9F65D92AF2B7BA008F109E /* Constants.swift */ = {isa = PBXFileReference; lastKnownFileType = sourcecode.swift; path = Constants.swift; sourceTree = "<group>"; };
		DF9F65DB2AF2C279008F109E /* ModelType.swift */ = {isa = PBXFileReference; lastKnownFileType = sourcecode.swift; path = ModelType.swift; sourceTree = "<group>"; };
		DF9F65DE2AF2C31D008F109E /* ObjectsView.swift */ = {isa = PBXFileReference; lastKnownFileType = sourcecode.swift; path = ObjectsView.swift; sourceTree = "<group>"; };
		DF9F65E02AF2C4BF008F109E /* ObjectsViewModel.swift */ = {isa = PBXFileReference; lastKnownFileType = sourcecode.swift; path = ObjectsViewModel.swift; sourceTree = "<group>"; };
		DF9F65E22AF2EC6B008F109E /* LoadingState.swift */ = {isa = PBXFileReference; lastKnownFileType = sourcecode.swift; path = LoadingState.swift; sourceTree = "<group>"; };
		DF9F65E52AF2F2D8008F109E /* Repository.swift */ = {isa = PBXFileReference; lastKnownFileType = sourcecode.swift; path = Repository.swift; sourceTree = "<group>"; };
		DF9F65E72AF2F2EC008F109E /* ModelObjectsRepository.swift */ = {isa = PBXFileReference; lastKnownFileType = sourcecode.swift; path = ModelObjectsRepository.swift; sourceTree = "<group>"; };
		DF9F65E92AF2F71F008F109E /* CategoryView.swift */ = {isa = PBXFileReference; lastKnownFileType = sourcecode.swift; path = CategoryView.swift; sourceTree = "<group>"; };
		DF9F65EB2AF312B6008F109E /* ObjectListView.swift */ = {isa = PBXFileReference; lastKnownFileType = sourcecode.swift; path = ObjectListView.swift; sourceTree = "<group>"; };
		DF9F65ED2AF312D1008F109E /* ModelObject.swift */ = {isa = PBXFileReference; lastKnownFileType = sourcecode.swift; path = ModelObject.swift; sourceTree = "<group>"; };
		DF9F65F12AF32A1C008F109E /* Adapter.swift */ = {isa = PBXFileReference; lastKnownFileType = sourcecode.swift; path = Adapter.swift; sourceTree = "<group>"; };
		DF9F65F32AF32A6F008F109E /* FirebaseAdapter.swift */ = {isa = PBXFileReference; lastKnownFileType = sourcecode.swift; path = FirebaseAdapter.swift; sourceTree = "<group>"; };
/* End PBXFileReference section */

/* Begin PBXFrameworksBuildPhase section */
		DF8BA8732AF2A2F10000FB37 /* Frameworks */ = {
			isa = PBXFrameworksBuildPhase;
			buildActionMask = 2147483647;
			files = (
				DF8BA89B2AF2A4B70000FB37 /* FirebaseStorage in Frameworks */,
				DF8BA89D2AF2A4C00000FB37 /* FirebaseFirestore in Frameworks */,
				DF8BA87C2AF2A2F10000FB37 /* RealityKitContent in Frameworks */,
				DF8BA89F2AF2A4C00000FB37 /* FirebaseFirestoreSwift in Frameworks */,
			);
			runOnlyForDeploymentPostprocessing = 0;
		};
/* End PBXFrameworksBuildPhase section */

/* Begin PBXGroup section */
		DF8BA86D2AF2A2F10000FB37 = {
			isa = PBXGroup;
			children = (
				DF8BA8782AF2A2F10000FB37 /* Showroom */,
				DF8BA8792AF2A2F10000FB37 /* Packages */,
				DF8BA8772AF2A2F10000FB37 /* Products */,
				DF8BA8992AF2A4B70000FB37 /* Frameworks */,
			);
			sourceTree = "<group>";
		};
		DF8BA8772AF2A2F10000FB37 /* Products */ = {
			isa = PBXGroup;
			children = (
				DF8BA8762AF2A2F10000FB37 /* Showroom.app */,
			);
			name = Products;
			sourceTree = "<group>";
		};
		DF8BA8782AF2A2F10000FB37 /* Showroom */ = {
			isa = PBXGroup;
			children = (
				DF9F65E42AF2F0A3008F109E /* Repository */,
				DF9F65D82AF2B7B3008F109E /* Helpers */,
				DF9F65D72AF2B7B0008F109E /* Model */,
				DF9F65D62AF2B7AC008F109E /* ViewModel */,
				DF9F65D52AF2B7A8008F109E /* View */,
				DF8BA8A02AF2A5F60000FB37 /* GoogleService-Info.plist */,
				DF8BA8832AF2A2F20000FB37 /* Assets.xcassets */,
				DF8BA8882AF2A2F20000FB37 /* Info.plist */,
				DF8BA8852AF2A2F20000FB37 /* Preview Content */,
			);
			path = Showroom;
			sourceTree = "<group>";
		};
		DF8BA8792AF2A2F10000FB37 /* Packages */ = {
			isa = PBXGroup;
			children = (
				DF8BA87A2AF2A2F10000FB37 /* RealityKitContent */,
			);
			path = Packages;
			sourceTree = "<group>";
		};
		DF8BA8852AF2A2F20000FB37 /* Preview Content */ = {
			isa = PBXGroup;
			children = (
				DF8BA8862AF2A2F20000FB37 /* Preview Assets.xcassets */,
			);
			path = "Preview Content";
			sourceTree = "<group>";
		};
		DF8BA8992AF2A4B70000FB37 /* Frameworks */ = {
			isa = PBXGroup;
			children = (
			);
			name = Frameworks;
			sourceTree = "<group>";
		};
		DF9F65D52AF2B7A8008F109E /* View */ = {
			isa = PBXGroup;
			children = (
				DF9F65DD2AF2C2FC008F109E /* Immersive */,
				DF9F65DE2AF2C31D008F109E /* ObjectsView.swift */,
				DF9F65E92AF2F71F008F109E /* CategoryView.swift */,
				DF9F65EB2AF312B6008F109E /* ObjectListView.swift */,
			);
			path = View;
			sourceTree = "<group>";
		};
		DF9F65D62AF2B7AC008F109E /* ViewModel */ = {
			isa = PBXGroup;
			children = (
				DF9F65E02AF2C4BF008F109E /* ObjectsViewModel.swift */,
			);
			path = ViewModel;
			sourceTree = "<group>";
		};
		DF9F65D72AF2B7B0008F109E /* Model */ = {
			isa = PBXGroup;
			children = (
				DF9F65ED2AF312D1008F109E /* ModelObject.swift */,
			);
			path = Model;
			sourceTree = "<group>";
		};
		DF9F65D82AF2B7B3008F109E /* Helpers */ = {
			isa = PBXGroup;
			children = (
				DF8BA87D2AF2A2F10000FB37 /* ShowroomApp.swift */,
				DF9F65D92AF2B7BA008F109E /* Constants.swift */,
				DF9F65DB2AF2C279008F109E /* ModelType.swift */,
				DF9F65E22AF2EC6B008F109E /* LoadingState.swift */,
				DF9F65F12AF32A1C008F109E /* Adapter.swift */,
				DF9F65F32AF32A6F008F109E /* FirebaseAdapter.swift */,
			);
			path = Helpers;
			sourceTree = "<group>";
		};
		DF9F65DD2AF2C2FC008F109E /* Immersive */ = {
			isa = PBXGroup;
			children = (
				DF8BA8812AF2A2F10000FB37 /* ImmersiveView.swift */,
			);
			path = Immersive;
			sourceTree = "<group>";
		};
		DF9F65E42AF2F0A3008F109E /* Repository */ = {
			isa = PBXGroup;
			children = (
				DF9F65E52AF2F2D8008F109E /* Repository.swift */,
				DF9F65E72AF2F2EC008F109E /* ModelObjectsRepository.swift */,
			);
			path = Repository;
			sourceTree = "<group>";
		};
/* End PBXGroup section */

/* Begin PBXNativeTarget section */
		DF8BA8752AF2A2F10000FB37 /* Showroom */ = {
			isa = PBXNativeTarget;
			buildConfigurationList = DF8BA88B2AF2A2F20000FB37 /* Build configuration list for PBXNativeTarget "Showroom" */;
			buildPhases = (
				DF8BA8722AF2A2F10000FB37 /* Sources */,
				DF8BA8732AF2A2F10000FB37 /* Frameworks */,
				DF8BA8742AF2A2F10000FB37 /* Resources */,
			);
			buildRules = (
			);
			dependencies = (
			);
			name = Showroom;
			packageProductDependencies = (
				DF8BA87B2AF2A2F10000FB37 /* RealityKitContent */,
				DF8BA89A2AF2A4B70000FB37 /* FirebaseStorage */,
				DF8BA89C2AF2A4C00000FB37 /* FirebaseFirestore */,
				DF8BA89E2AF2A4C00000FB37 /* FirebaseFirestoreSwift */,
			);
			productName = Showroom;
			productReference = DF8BA8762AF2A2F10000FB37 /* Showroom.app */;
			productType = "com.apple.product-type.application";
		};
/* End PBXNativeTarget section */

/* Begin PBXProject section */
		DF8BA86E2AF2A2F10000FB37 /* Project object */ = {
			isa = PBXProject;
			attributes = {
				BuildIndependentTargetsInParallel = 1;
				LastSwiftUpdateCheck = 1500;
				LastUpgradeCheck = 1500;
				TargetAttributes = {
					DF8BA8752AF2A2F10000FB37 = {
						CreatedOnToolsVersion = 15.0;
					};
				};
			};
			buildConfigurationList = DF8BA8712AF2A2F10000FB37 /* Build configuration list for PBXProject "Showroom" */;
			compatibilityVersion = "Xcode 14.0";
			developmentRegion = en;
			hasScannedForEncodings = 0;
			knownRegions = (
				en,
				Base,
			);
			mainGroup = DF8BA86D2AF2A2F10000FB37;
			packageReferences = (
				DF8BA88E2AF2A49A0000FB37 /* XCRemoteSwiftPackageReference "firebase-ios-sdk" */,
			);
			productRefGroup = DF8BA8772AF2A2F10000FB37 /* Products */;
			projectDirPath = "";
			projectRoot = "";
			targets = (
				DF8BA8752AF2A2F10000FB37 /* Showroom */,
			);
		};
/* End PBXProject section */

/* Begin PBXResourcesBuildPhase section */
		DF8BA8742AF2A2F10000FB37 /* Resources */ = {
			isa = PBXResourcesBuildPhase;
			buildActionMask = 2147483647;
			files = (
				DF8BA8872AF2A2F20000FB37 /* Preview Assets.xcassets in Resources */,
				DF8BA8842AF2A2F20000FB37 /* Assets.xcassets in Resources */,
				DF8BA8A12AF2A5F60000FB37 /* GoogleService-Info.plist in Resources */,
			);
			runOnlyForDeploymentPostprocessing = 0;
		};
/* End PBXResourcesBuildPhase section */

/* Begin PBXSourcesBuildPhase section */
		DF8BA8722AF2A2F10000FB37 /* Sources */ = {
			isa = PBXSourcesBuildPhase;
			buildActionMask = 2147483647;
			files = (
				DF9F65F22AF32A1C008F109E /* Adapter.swift in Sources */,
				DF9F65EC2AF312B6008F109E /* ObjectListView.swift in Sources */,
				DF9F65F42AF32A6F008F109E /* FirebaseAdapter.swift in Sources */,
				DF9F65EA2AF2F71F008F109E /* CategoryView.swift in Sources */,
				DF9F65E12AF2C4BF008F109E /* ObjectsViewModel.swift in Sources */,
				DF9F65DC2AF2C279008F109E /* ModelType.swift in Sources */,
				DF9F65DF2AF2C31D008F109E /* ObjectsView.swift in Sources */,
				DF9F65E32AF2EC6B008F109E /* LoadingState.swift in Sources */,
				DF8BA87E2AF2A2F10000FB37 /* ShowroomApp.swift in Sources */,
				DF9F65E82AF2F2EC008F109E /* ModelObjectsRepository.swift in Sources */,
				DF8BA8822AF2A2F10000FB37 /* ImmersiveView.swift in Sources */,
				DF9F65EE2AF312D1008F109E /* ModelObject.swift in Sources */,
				DF9F65DA2AF2B7BA008F109E /* Constants.swift in Sources */,
				DF9F65E62AF2F2D8008F109E /* Repository.swift in Sources */,
			);
			runOnlyForDeploymentPostprocessing = 0;
		};
/* End PBXSourcesBuildPhase section */

/* Begin XCBuildConfiguration section */
		DF8BA8892AF2A2F20000FB37 /* Debug */ = {
			isa = XCBuildConfiguration;
			buildSettings = {
				ALWAYS_SEARCH_USER_PATHS = NO;
				ASSETCATALOG_COMPILER_GENERATE_SWIFT_ASSET_SYMBOL_EXTENSIONS = YES;
				CLANG_ANALYZER_NONNULL = YES;
				CLANG_ANALYZER_NUMBER_OBJECT_CONVERSION = YES_AGGRESSIVE;
				CLANG_CXX_LANGUAGE_STANDARD = "gnu++20";
				CLANG_ENABLE_MODULES = YES;
				CLANG_ENABLE_OBJC_ARC = YES;
				CLANG_ENABLE_OBJC_WEAK = YES;
				CLANG_WARN_BLOCK_CAPTURE_AUTORELEASING = YES;
				CLANG_WARN_BOOL_CONVERSION = YES;
				CLANG_WARN_COMMA = YES;
				CLANG_WARN_CONSTANT_CONVERSION = YES;
				CLANG_WARN_DEPRECATED_OBJC_IMPLEMENTATIONS = YES;
				CLANG_WARN_DIRECT_OBJC_ISA_USAGE = YES_ERROR;
				CLANG_WARN_DOCUMENTATION_COMMENTS = YES;
				CLANG_WARN_EMPTY_BODY = YES;
				CLANG_WARN_ENUM_CONVERSION = YES;
				CLANG_WARN_INFINITE_RECURSION = YES;
				CLANG_WARN_INT_CONVERSION = YES;
				CLANG_WARN_NON_LITERAL_NULL_CONVERSION = YES;
				CLANG_WARN_OBJC_IMPLICIT_RETAIN_SELF = YES;
				CLANG_WARN_OBJC_LITERAL_CONVERSION = YES;
				CLANG_WARN_OBJC_ROOT_CLASS = YES_ERROR;
				CLANG_WARN_QUOTED_INCLUDE_IN_FRAMEWORK_HEADER = YES;
				CLANG_WARN_RANGE_LOOP_ANALYSIS = YES;
				CLANG_WARN_STRICT_PROTOTYPES = YES;
				CLANG_WARN_SUSPICIOUS_MOVE = YES;
				CLANG_WARN_UNGUARDED_AVAILABILITY = YES_AGGRESSIVE;
				CLANG_WARN_UNREACHABLE_CODE = YES;
				CLANG_WARN__DUPLICATE_METHOD_MATCH = YES;
				COPY_PHASE_STRIP = NO;
				DEBUG_INFORMATION_FORMAT = dwarf;
				ENABLE_STRICT_OBJC_MSGSEND = YES;
				ENABLE_TESTABILITY = YES;
				ENABLE_USER_SCRIPT_SANDBOXING = YES;
				GCC_C_LANGUAGE_STANDARD = gnu17;
				GCC_DYNAMIC_NO_PIC = NO;
				GCC_NO_COMMON_BLOCKS = YES;
				GCC_OPTIMIZATION_LEVEL = 0;
				GCC_PREPROCESSOR_DEFINITIONS = (
					"DEBUG=1",
					"$(inherited)",
				);
				GCC_WARN_64_TO_32_BIT_CONVERSION = YES;
				GCC_WARN_ABOUT_RETURN_TYPE = YES_ERROR;
				GCC_WARN_UNDECLARED_SELECTOR = YES;
				GCC_WARN_UNINITIALIZED_AUTOS = YES_AGGRESSIVE;
				GCC_WARN_UNUSED_FUNCTION = YES;
				GCC_WARN_UNUSED_VARIABLE = YES;
				LOCALIZATION_PREFERS_STRING_CATALOGS = YES;
				MTL_ENABLE_DEBUG_INFO = INCLUDE_SOURCE;
				MTL_FAST_MATH = YES;
				ONLY_ACTIVE_ARCH = YES;
				SDKROOT = xros;
				SWIFT_ACTIVE_COMPILATION_CONDITIONS = "DEBUG $(inherited)";
				SWIFT_OPTIMIZATION_LEVEL = "-Onone";
				XROS_DEPLOYMENT_TARGET = 1.0;
			};
			name = Debug;
		};
		DF8BA88A2AF2A2F20000FB37 /* Release */ = {
			isa = XCBuildConfiguration;
			buildSettings = {
				ALWAYS_SEARCH_USER_PATHS = NO;
				ASSETCATALOG_COMPILER_GENERATE_SWIFT_ASSET_SYMBOL_EXTENSIONS = YES;
				CLANG_ANALYZER_NONNULL = YES;
				CLANG_ANALYZER_NUMBER_OBJECT_CONVERSION = YES_AGGRESSIVE;
				CLANG_CXX_LANGUAGE_STANDARD = "gnu++20";
				CLANG_ENABLE_MODULES = YES;
				CLANG_ENABLE_OBJC_ARC = YES;
				CLANG_ENABLE_OBJC_WEAK = YES;
				CLANG_WARN_BLOCK_CAPTURE_AUTORELEASING = YES;
				CLANG_WARN_BOOL_CONVERSION = YES;
				CLANG_WARN_COMMA = YES;
				CLANG_WARN_CONSTANT_CONVERSION = YES;
				CLANG_WARN_DEPRECATED_OBJC_IMPLEMENTATIONS = YES;
				CLANG_WARN_DIRECT_OBJC_ISA_USAGE = YES_ERROR;
				CLANG_WARN_DOCUMENTATION_COMMENTS = YES;
				CLANG_WARN_EMPTY_BODY = YES;
				CLANG_WARN_ENUM_CONVERSION = YES;
				CLANG_WARN_INFINITE_RECURSION = YES;
				CLANG_WARN_INT_CONVERSION = YES;
				CLANG_WARN_NON_LITERAL_NULL_CONVERSION = YES;
				CLANG_WARN_OBJC_IMPLICIT_RETAIN_SELF = YES;
				CLANG_WARN_OBJC_LITERAL_CONVERSION = YES;
				CLANG_WARN_OBJC_ROOT_CLASS = YES_ERROR;
				CLANG_WARN_QUOTED_INCLUDE_IN_FRAMEWORK_HEADER = YES;
				CLANG_WARN_RANGE_LOOP_ANALYSIS = YES;
				CLANG_WARN_STRICT_PROTOTYPES = YES;
				CLANG_WARN_SUSPICIOUS_MOVE = YES;
				CLANG_WARN_UNGUARDED_AVAILABILITY = YES_AGGRESSIVE;
				CLANG_WARN_UNREACHABLE_CODE = YES;
				CLANG_WARN__DUPLICATE_METHOD_MATCH = YES;
				COPY_PHASE_STRIP = NO;
				DEBUG_INFORMATION_FORMAT = "dwarf-with-dsym";
				ENABLE_NS_ASSERTIONS = NO;
				ENABLE_STRICT_OBJC_MSGSEND = YES;
				ENABLE_USER_SCRIPT_SANDBOXING = YES;
				GCC_C_LANGUAGE_STANDARD = gnu17;
				GCC_NO_COMMON_BLOCKS = YES;
				GCC_WARN_64_TO_32_BIT_CONVERSION = YES;
				GCC_WARN_ABOUT_RETURN_TYPE = YES_ERROR;
				GCC_WARN_UNDECLARED_SELECTOR = YES;
				GCC_WARN_UNINITIALIZED_AUTOS = YES_AGGRESSIVE;
				GCC_WARN_UNUSED_FUNCTION = YES;
				GCC_WARN_UNUSED_VARIABLE = YES;
				LOCALIZATION_PREFERS_STRING_CATALOGS = YES;
				MTL_ENABLE_DEBUG_INFO = NO;
				MTL_FAST_MATH = YES;
				SDKROOT = xros;
				SWIFT_COMPILATION_MODE = wholemodule;
				VALIDATE_PRODUCT = YES;
				XROS_DEPLOYMENT_TARGET = 1.0;
			};
			name = Release;
		};
		DF8BA88C2AF2A2F20000FB37 /* Debug */ = {
			isa = XCBuildConfiguration;
			buildSettings = {
				ASSETCATALOG_COMPILER_APPICON_NAME = AppIcon;
				ASSETCATALOG_COMPILER_GLOBAL_ACCENT_COLOR_NAME = AccentColor;
				CODE_SIGN_STYLE = Automatic;
				CURRENT_PROJECT_VERSION = 1;
				DEVELOPMENT_ASSET_PATHS = "\"Showroom/Preview Content\"";
				DEVELOPMENT_TEAM = M7NT4ZT48M;
				ENABLE_PREVIEWS = YES;
				GENERATE_INFOPLIST_FILE = YES;
				INFOPLIST_FILE = "$(TARGET_NAME)/Info.plist";
				LD_RUNPATH_SEARCH_PATHS = (
					"$(inherited)",
					"@executable_path/Frameworks",
				);
				MARKETING_VERSION = 1.0;
				PRODUCT_BUNDLE_IDENTIFIER = com.lukalesic.showroom;
				PRODUCT_NAME = "$(TARGET_NAME)";
				SUPPORTED_PLATFORMS = "xros xrsimulator";
				SWIFT_EMIT_LOC_STRINGS = YES;
				SWIFT_VERSION = 5.0;
				TARGETED_DEVICE_FAMILY = "1,2,7";
			};
			name = Debug;
		};
		DF8BA88D2AF2A2F20000FB37 /* Release */ = {
			isa = XCBuildConfiguration;
			buildSettings = {
				ASSETCATALOG_COMPILER_APPICON_NAME = AppIcon;
				ASSETCATALOG_COMPILER_GLOBAL_ACCENT_COLOR_NAME = AccentColor;
				CODE_SIGN_STYLE = Automatic;
				CURRENT_PROJECT_VERSION = 1;
				DEVELOPMENT_ASSET_PATHS = "\"Showroom/Preview Content\"";
				DEVELOPMENT_TEAM = M7NT4ZT48M;
				ENABLE_PREVIEWS = YES;
				GENERATE_INFOPLIST_FILE = YES;
				INFOPLIST_FILE = "$(TARGET_NAME)/Info.plist";
				LD_RUNPATH_SEARCH_PATHS = (
					"$(inherited)",
					"@executable_path/Frameworks",
				);
				MARKETING_VERSION = 1.0;
				PRODUCT_BUNDLE_IDENTIFIER = com.lukalesic.showroom;
				PRODUCT_NAME = "$(TARGET_NAME)";
				SUPPORTED_PLATFORMS = "xros xrsimulator";
				SWIFT_EMIT_LOC_STRINGS = YES;
				SWIFT_VERSION = 5.0;
				TARGETED_DEVICE_FAMILY = "1,2,7";
			};
			name = Release;
		};
/* End XCBuildConfiguration section */

/* Begin XCConfigurationList section */
		DF8BA8712AF2A2F10000FB37 /* Build configuration list for PBXProject "Showroom" */ = {
			isa = XCConfigurationList;
			buildConfigurations = (
				DF8BA8892AF2A2F20000FB37 /* Debug */,
				DF8BA88A2AF2A2F20000FB37 /* Release */,
			);
			defaultConfigurationIsVisible = 0;
			defaultConfigurationName = Release;
		};
		DF8BA88B2AF2A2F20000FB37 /* Build configuration list for PBXNativeTarget "Showroom" */ = {
			isa = XCConfigurationList;
			buildConfigurations = (
				DF8BA88C2AF2A2F20000FB37 /* Debug */,
				DF8BA88D2AF2A2F20000FB37 /* Release */,
			);
			defaultConfigurationIsVisible = 0;
			defaultConfigurationName = Release;
		};
/* End XCConfigurationList section */

/* Begin XCRemoteSwiftPackageReference section */
		DF8BA88E2AF2A49A0000FB37 /* XCRemoteSwiftPackageReference "firebase-ios-sdk" */ = {
			isa = XCRemoteSwiftPackageReference;
			repositoryURL = "https://github.com/firebase/firebase-ios-sdk";
			requirement = {
				kind = upToNextMajorVersion;
				minimumVersion = 10.17.0;
			};
		};
/* End XCRemoteSwiftPackageReference section */

/* Begin XCSwiftPackageProductDependency section */
		DF8BA87B2AF2A2F10000FB37 /* RealityKitContent */ = {
			isa = XCSwiftPackageProductDependency;
			productName = RealityKitContent;
		};
		DF8BA89A2AF2A4B70000FB37 /* FirebaseStorage */ = {
			isa = XCSwiftPackageProductDependency;
			package = DF8BA88E2AF2A49A0000FB37 /* XCRemoteSwiftPackageReference "firebase-ios-sdk" */;
			productName = FirebaseStorage;
		};
		DF8BA89C2AF2A4C00000FB37 /* FirebaseFirestore */ = {
			isa = XCSwiftPackageProductDependency;
			package = DF8BA88E2AF2A49A0000FB37 /* XCRemoteSwiftPackageReference "firebase-ios-sdk" */;
			productName = FirebaseFirestore;
		};
		DF8BA89E2AF2A4C00000FB37 /* FirebaseFirestoreSwift */ = {
			isa = XCSwiftPackageProductDependency;
			package = DF8BA88E2AF2A49A0000FB37 /* XCRemoteSwiftPackageReference "firebase-ios-sdk" */;
			productName = FirebaseFirestoreSwift;
		};
/* End XCSwiftPackageProductDependency section */
	};
	rootObject = DF8BA86E2AF2A2F10000FB37 /* Project object */;
}
